
Microsoft Visual Studio Solution File, Format Version 12.00
# Visual Studio Version 16
VisualStudioVersion = 16.0.30717.126
MinimumVisualStudioVersion = 10.0.40219.1
Project("{9A19103F-16F7-4668-BE54-9A1E7A4F7556}") = "AuthWebApp", "AuthWebApp\AuthWebApp.csproj", "{0E652478-C1F4-49DA-A33F-6EF50F9B1600}"
EndProject
Project("{9A19103F-16F7-4668-BE54-9A1E7A4F7556}") = "AuthBackground", "AuthBackground\AuthBackground.csproj", "{C9AB9EDD-6606-4882-8779-B34D7D7DC95F}"
EndProject
Project("{9A19103F-16F7-4668-BE54-9A1E7A4F7556}") = "AuthCommonLib", "AuthCommonLib\AuthCommonLib.csproj", "{55E2FA42-5096-4A19-8B87-CEBD2BC774D7}"
EndProject
Project("{2150E333-8FDC-42A3-9474-1A3956D46DE8}") = "Solution Items", "Solution Items", "{03BDBD4B-B8C3-471B-A3BB-C2242E2C4D83}"
	ProjectSection(SolutionItems) = preProject
		README.md = README.md
	EndProjectSection
EndProject
Global
	GlobalSection(SolutionConfigurationPlatforms) = preSolution
		Debug|Any CPU = Debug|Any CPU
		Release|Any CPU = Release|Any CPU
	EndGlobalSection
	GlobalSection(ProjectConfigurationPlatforms) = postSolution
		{0E652478-C1F4-49DA-A33F-6EF50F9B1600}.Debug|Any CPU.ActiveCfg = Debug|Any CPU
		{0E652478-C1F4-49DA-A33F-6EF50F9B1600}.Debug|Any CPU.Build.0 = Debug|Any CPU
		{0E652478-C1F4-49DA-A33F-6EF50F9B1600}.Release|Any CPU.ActiveCfg = Release|Any CPU
		{0E652478-C1F4-49DA-A33F-6EF50F9B1600}.Release|Any CPU.Build.0 = Release|Any CPU
		{C9AB9EDD-6606-4882-8779-B34D7D7DC95F}.Debug|Any CPU.ActiveCfg = Debug|Any CPU
		{C9AB9EDD-6606-4882-8779-B34D7D7DC95F}.Debug|Any CPU.Build.0 = Debug|Any CPU
		{C9AB9EDD-6606-4882-8779-B34D7D7DC95F}.Release|Any CPU.ActiveCfg = Release|Any CPU
		{C9AB9EDD-6606-4882-8779-B34D7D7DC95F}.Release|Any CPU.Build.0 = Release|Any CPU
		{55E2FA42-5096-4A19-8B87-CEBD2BC774D7}.Debug|Any CPU.ActiveCfg = Debug|Any CPU
		{55E2FA42-5096-4A19-8B87-CEBD2BC774D7}.Debug|Any CPU.Build.0 = Debug|Any CPU
		{55E2FA42-5096-4A19-8B87-CEBD2BC774D7}.Release|Any CPU.ActiveCfg = Release|Any CPU
		{55E2FA42-5096-4A19-8B87-CEBD2BC774D7}.Release|Any CPU.Build.0 = Release|Any CPU
	EndGlobalSection
	GlobalSection(SolutionProperties) = preSolution
		HideSolutionNode = FALSE
	EndGlobalSection
	GlobalSection(ExtensibilityGlobals) = postSolution
		SolutionGuid = {F8EC8504-6516-40FF-B740-4D3057921211}
	EndGlobalSection
EndGlobal
